
Microsoft Visual Studio Solution File, Format Version 12.00
# Visual Studio 15
VisualStudioVersion = 15.0.28010.2026
MinimumVisualStudioVersion = 10.0.40219.1
Project("{9A19103F-16F7-4668-BE54-9A1E7A4F7556}") = "UrlDecoder", "urlDecoder\UrlDecoder.csproj", "{CF3AC183-93BA-4608-B8D8-48E14526697A}"
EndProject
Project("{9A19103F-16F7-4668-BE54-9A1E7A4F7556}") = "RequestParser", "requestParser\RequestParser.csproj", "{333D09E1-6A5E-4E37-A99B-8353DBD5F8B1}"
EndProject
Project("{FAE04EC0-301F-11D3-BF4B-00C04F79EFBC}") = "ValidateURL", "ValidateURL\ValidateURL.csproj", "{FF1C363F-78AF-4BA6-BC3E-1BCAE627C3ED}"
EndProject
Global
	GlobalSection(SolutionConfigurationPlatforms) = preSolution
		Debug|Any CPU = Debug|Any CPU
		Release|Any CPU = Release|Any CPU
	EndGlobalSection
	GlobalSection(ProjectConfigurationPlatforms) = postSolution
		{CF3AC183-93BA-4608-B8D8-48E14526697A}.Debug|Any CPU.ActiveCfg = Debug|Any CPU
		{CF3AC183-93BA-4608-B8D8-48E14526697A}.Debug|Any CPU.Build.0 = Debug|Any CPU
		{CF3AC183-93BA-4608-B8D8-48E14526697A}.Release|Any CPU.ActiveCfg = Release|Any CPU
		{CF3AC183-93BA-4608-B8D8-48E14526697A}.Release|Any CPU.Build.0 = Release|Any CPU
		{333D09E1-6A5E-4E37-A99B-8353DBD5F8B1}.Debug|Any CPU.ActiveCfg = Debug|Any CPU
		{333D09E1-6A5E-4E37-A99B-8353DBD5F8B1}.Debug|Any CPU.Build.0 = Debug|Any CPU
		{333D09E1-6A5E-4E37-A99B-8353DBD5F8B1}.Release|Any CPU.ActiveCfg = Release|Any CPU
		{333D09E1-6A5E-4E37-A99B-8353DBD5F8B1}.Release|Any CPU.Build.0 = Release|Any CPU
		{FF1C363F-78AF-4BA6-BC3E-1BCAE627C3ED}.Debug|Any CPU.ActiveCfg = Debug|Any CPU
		{FF1C363F-78AF-4BA6-BC3E-1BCAE627C3ED}.Debug|Any CPU.Build.0 = Debug|Any CPU
		{FF1C363F-78AF-4BA6-BC3E-1BCAE627C3ED}.Release|Any CPU.ActiveCfg = Release|Any CPU
		{FF1C363F-78AF-4BA6-BC3E-1BCAE627C3ED}.Release|Any CPU.Build.0 = Release|Any CPU
	EndGlobalSection
	GlobalSection(SolutionProperties) = preSolution
		HideSolutionNode = FALSE
	EndGlobalSection
	GlobalSection(ExtensibilityGlobals) = postSolution
		SolutionGuid = {B438294F-4E8A-48F8-9086-92F16E1C0318}
	EndGlobalSection
EndGlobal
